
Microsoft Visual Studio Solution File, Format Version 12.00
# Visual Studio 15
VisualStudioVersion = 15.0.27004.2010
MinimumVisualStudioVersion = 10.0.40219.1
Project("{FAE04EC0-301F-11D3-BF4B-00C04F79EFBC}") = "kris1", "kris1\kris1.csproj", "{E07E0F0C-D24E-4A13-A78B-FB31E1E99B9A}"
EndProject
Global
	GlobalSection(SolutionConfigurationPlatforms) = preSolution
		Debug|Any CPU = Debug|Any CPU
		Release|Any CPU = Release|Any CPU
	EndGlobalSection
	GlobalSection(ProjectConfigurationPlatforms) = postSolution
		{E07E0F0C-D24E-4A13-A78B-FB31E1E99B9A}.Debug|Any CPU.ActiveCfg = Debug|Any CPU
		{E07E0F0C-D24E-4A13-A78B-FB31E1E99B9A}.Debug|Any CPU.Build.0 = Debug|Any CPU
		{E07E0F0C-D24E-4A13-A78B-FB31E1E99B9A}.Release|Any CPU.ActiveCfg = Release|Any CPU
		{E07E0F0C-D24E-4A13-A78B-FB31E1E99B9A}.Release|Any CPU.Build.0 = Release|Any CPU
	EndGlobalSection
	GlobalSection(SolutionProperties) = preSolution
		HideSolutionNode = FALSE
	EndGlobalSection
	GlobalSection(ExtensibilityGlobals) = postSolution
		SolutionGuid = {7CD9F89E-D39C-45BA-8F4E-B227BFB75912}
	EndGlobalSection
EndGlobal
